
Microsoft Visual Studio Solution File, Format Version 12.00
# Visual Studio Version 16
VisualStudioVersion = 16.0.29920.165
MinimumVisualStudioVersion = 10.0.40219.1
Project("{FAE04EC0-301F-11D3-BF4B-00C04F79EFBC}") = "lab_third", "lab_third\lab_third.csproj", "{B1DAAB4E-2A8D-4B48-A582-68D529B3A9F5}"
EndProject
Global
	GlobalSection(SolutionConfigurationPlatforms) = preSolution
		Debug|Any CPU = Debug|Any CPU
		Release|Any CPU = Release|Any CPU
	EndGlobalSection
	GlobalSection(ProjectConfigurationPlatforms) = postSolution
		{B1DAAB4E-2A8D-4B48-A582-68D529B3A9F5}.Debug|Any CPU.ActiveCfg = Debug|Any CPU
		{B1DAAB4E-2A8D-4B48-A582-68D529B3A9F5}.Debug|Any CPU.Build.0 = Debug|Any CPU
		{B1DAAB4E-2A8D-4B48-A582-68D529B3A9F5}.Release|Any CPU.ActiveCfg = Release|Any CPU
		{B1DAAB4E-2A8D-4B48-A582-68D529B3A9F5}.Release|Any CPU.Build.0 = Release|Any CPU
	EndGlobalSection
	GlobalSection(SolutionProperties) = preSolution
		HideSolutionNode = FALSE
	EndGlobalSection
	GlobalSection(ExtensibilityGlobals) = postSolution
		SolutionGuid = {601E95B4-58C3-4254-9E0D-6EE708D76FB2}
	EndGlobalSection
EndGlobal
